
Microsoft Visual Studio Solution File, Format Version 12.00
# Visual Studio Version 17
VisualStudioVersion = 17.14.37012.4
MinimumVisualStudioVersion = 10.0.40219.1
Project("{FAE04EC0-301F-11D3-BF4B-00C04F79EFBC}") = "DesingPatterns", "DesingPatterns.csproj", "{ECC2F395-9367-4E48-BC4A-6731C36DCEEA}"
EndProject
Project("{2150E333-8FDC-42A3-9474-1A3956D46DE8}") = "Factory", "Factory", "{02EA681E-C7D8-13C7-8484-4AC65E1B71E8}"
EndProject
Project("{FAE04EC0-301F-11D3-BF4B-00C04F79EFBC}") = "Factory", "..\Factory\Factory.csproj", "{A643EE0A-48DF-4C74-8951-37A00AB18F7E}"
EndProject
Project("{2150E333-8FDC-42A3-9474-1A3956D46DE8}") = "Prototype", "Prototype", "{5102A24F-1ECC-4456-9F6D-549647929881}"
EndProject
Project("{FAE04EC0-301F-11D3-BF4B-00C04F79EFBC}") = "Prototype", "..\Prototype\Prototype.csproj", "{BCDFD648-7F77-4F4A-BD16-46E372B0AEBB}"
EndProject
Project("{2150E333-8FDC-42A3-9474-1A3956D46DE8}") = "Abstract Factory", "Abstract Factory", "{7E68DEC2-1D6F-4D32-84E9-C08A0AB549FC}"
EndProject
Project("{FAE04EC0-301F-11D3-BF4B-00C04F79EFBC}") = "Abstract Factory", "..\Abstract Factory\Abstract Factory.csproj", "{DDA39DA6-CB83-4955-A51A-EA0E3B2CC74F}"
EndProject
Project("{2150E333-8FDC-42A3-9474-1A3956D46DE8}") = "Singleton", "Singleton", "{F477BA55-CA66-4B49-9ADB-97723F8FB008}"
EndProject
Project("{FAE04EC0-301F-11D3-BF4B-00C04F79EFBC}") = "Singleton", "..\Singleton\Singleton.csproj", "{0224213B-F931-45D6-9840-50D0F45F5FB7}"
EndProject
Project("{2150E333-8FDC-42A3-9474-1A3956D46DE8}") = "SOLID", "SOLID", "{85B07FE7-655B-41F7-87F3-926C6243DD86}"
EndProject
Project("{2150E333-8FDC-42A3-9474-1A3956D46DE8}") = "DIP", "DIP", "{87B6CC00-4D39-41C7-92B9-2D70407F8BD0}"
EndProject
Project("{FAE04EC0-301F-11D3-BF4B-00C04F79EFBC}") = "DIP", "..\DIP\DIP.csproj", "{FC506DC8-76F1-4AE6-AF1A-DE734408E15F}"
EndProject
Project("{2150E333-8FDC-42A3-9474-1A3956D46DE8}") = "Builder", "Builder", "{1AEE44E7-345E-4A49-92DF-3D4BEADE6656}"
EndProject
Project("{2150E333-8FDC-42A3-9474-1A3956D46DE8}") = "Adapted", "Adapted", "{E2DC2BC1-AA82-471C-8FD2-0225656C6284}"
EndProject
Project("{FAE04EC0-301F-11D3-BF4B-00C04F79EFBC}") = "adapter", "adapter\adapter.csproj", "{39F1C3FD-E69A-466C-800F-50862C47B2B9}"
EndProject
Global
	GlobalSection(SolutionConfigurationPlatforms) = preSolution
		Debug|Any CPU = Debug|Any CPU
		Release|Any CPU = Release|Any CPU
	EndGlobalSection
	GlobalSection(ProjectConfigurationPlatforms) = postSolution
		{ECC2F395-9367-4E48-BC4A-6731C36DCEEA}.Debug|Any CPU.ActiveCfg = Debug|Any CPU
		{ECC2F395-9367-4E48-BC4A-6731C36DCEEA}.Debug|Any CPU.Build.0 = Debug|Any CPU
		{ECC2F395-9367-4E48-BC4A-6731C36DCEEA}.Release|Any CPU.ActiveCfg = Release|Any CPU
		{ECC2F395-9367-4E48-BC4A-6731C36DCEEA}.Release|Any CPU.Build.0 = Release|Any CPU
		{A643EE0A-48DF-4C74-8951-37A00AB18F7E}.Debug|Any CPU.ActiveCfg = Debug|Any CPU
		{A643EE0A-48DF-4C74-8951-37A00AB18F7E}.Debug|Any CPU.Build.0 = Debug|Any CPU
		{A643EE0A-48DF-4C74-8951-37A00AB18F7E}.Release|Any CPU.ActiveCfg = Release|Any CPU
		{A643EE0A-48DF-4C74-8951-37A00AB18F7E}.Release|Any CPU.Build.0 = Release|Any CPU
		{BCDFD648-7F77-4F4A-BD16-46E372B0AEBB}.Debug|Any CPU.ActiveCfg = Debug|Any CPU
		{BCDFD648-7F77-4F4A-BD16-46E372B0AEBB}.Debug|Any CPU.Build.0 = Debug|Any CPU
		{BCDFD648-7F77-4F4A-BD16-46E372B0AEBB}.Release|Any CPU.ActiveCfg = Release|Any CPU
		{BCDFD648-7F77-4F4A-BD16-46E372B0AEBB}.Release|Any CPU.Build.0 = Release|Any CPU
		{DDA39DA6-CB83-4955-A51A-EA0E3B2CC74F}.Debug|Any CPU.ActiveCfg = Debug|Any CPU
		{DDA39DA6-CB83-4955-A51A-EA0E3B2CC74F}.Debug|Any CPU.Build.0 = Debug|Any CPU
		{DDA39DA6-CB83-4955-A51A-EA0E3B2CC74F}.Release|Any CPU.ActiveCfg = Release|Any CPU
		{DDA39DA6-CB83-4955-A51A-EA0E3B2CC74F}.Release|Any CPU.Build.0 = Release|Any CPU
		{0224213B-F931-45D6-9840-50D0F45F5FB7}.Debug|Any CPU.ActiveCfg = Debug|Any CPU
		{0224213B-F931-45D6-9840-50D0F45F5FB7}.Debug|Any CPU.Build.0 = Debug|Any CPU
		{0224213B-F931-45D6-9840-50D0F45F5FB7}.Release|Any CPU.ActiveCfg = Release|Any CPU
		{0224213B-F931-45D6-9840-50D0F45F5FB7}.Release|Any CPU.Build.0 = Release|Any CPU
		{FC506DC8-76F1-4AE6-AF1A-DE734408E15F}.Debug|Any CPU.ActiveCfg = Debug|Any CPU
		{FC506DC8-76F1-4AE6-AF1A-DE734408E15F}.Debug|Any CPU.Build.0 = Debug|Any CPU
		{FC506DC8-76F1-4AE6-AF1A-DE734408E15F}.Release|Any CPU.ActiveCfg = Release|Any CPU
		{FC506DC8-76F1-4AE6-AF1A-DE734408E15F}.Release|Any CPU.Build.0 = Release|Any CPU
		{39F1C3FD-E69A-466C-800F-50862C47B2B9}.Debug|Any CPU.ActiveCfg = Debug|Any CPU
		{39F1C3FD-E69A-466C-800F-50862C47B2B9}.Debug|Any CPU.Build.0 = Debug|Any CPU
		{39F1C3FD-E69A-466C-800F-50862C47B2B9}.Release|Any CPU.ActiveCfg = Release|Any CPU
		{39F1C3FD-E69A-466C-800F-50862C47B2B9}.Release|Any CPU.Build.0 = Release|Any CPU
	EndGlobalSection
	GlobalSection(SolutionProperties) = preSolution
		HideSolutionNode = FALSE
	EndGlobalSection
	GlobalSection(NestedProjects) = preSolution
		{A643EE0A-48DF-4C74-8951-37A00AB18F7E} = {02EA681E-C7D8-13C7-8484-4AC65E1B71E8}
		{BCDFD648-7F77-4F4A-BD16-46E372B0AEBB} = {5102A24F-1ECC-4456-9F6D-549647929881}
		{DDA39DA6-CB83-4955-A51A-EA0E3B2CC74F} = {7E68DEC2-1D6F-4D32-84E9-C08A0AB549FC}
		{0224213B-F931-45D6-9840-50D0F45F5FB7} = {F477BA55-CA66-4B49-9ADB-97723F8FB008}
		{87B6CC00-4D39-41C7-92B9-2D70407F8BD0} = {85B07FE7-655B-41F7-87F3-926C6243DD86}
		{FC506DC8-76F1-4AE6-AF1A-DE734408E15F} = {87B6CC00-4D39-41C7-92B9-2D70407F8BD0}
		{39F1C3FD-E69A-466C-800F-50862C47B2B9} = {E2DC2BC1-AA82-471C-8FD2-0225656C6284}
	EndGlobalSection
	GlobalSection(ExtensibilityGlobals) = postSolution
		SolutionGuid = {DD027169-4937-4AB1-BD37-A56478D2E94C}
	EndGlobalSection
EndGlobal
